
Microsoft Visual Studio Solution File, Format Version 12.00
# Visual Studio Version 17
VisualStudioVersion = 17.4.33213.308
MinimumVisualStudioVersion = 10.0.40219.1
Project("{FAE04EC0-301F-11D3-BF4B-00C04F79EFBC}") = "LoginForm", "LoginForm\LoginForm.csproj", "{E5821438-8754-49F1-BE6F-7D9E36F65274}"
EndProject
Global
	GlobalSection(SolutionConfigurationPlatforms) = preSolution
		Debug|Any CPU = Debug|Any CPU
		Release|Any CPU = Release|Any CPU
	EndGlobalSection
	GlobalSection(ProjectConfigurationPlatforms) = postSolution
		{E5821438-8754-49F1-BE6F-7D9E36F65274}.Debug|Any CPU.ActiveCfg = Debug|Any CPU
		{E5821438-8754-49F1-BE6F-7D9E36F65274}.Debug|Any CPU.Build.0 = Debug|Any CPU
		{E5821438-8754-49F1-BE6F-7D9E36F65274}.Release|Any CPU.ActiveCfg = Release|Any CPU
		{E5821438-8754-49F1-BE6F-7D9E36F65274}.Release|Any CPU.Build.0 = Release|Any CPU
	EndGlobalSection
	GlobalSection(SolutionProperties) = preSolution
		HideSolutionNode = FALSE
	EndGlobalSection
	GlobalSection(ExtensibilityGlobals) = postSolution
		SolutionGuid = {2DBD662E-CAD4-4BC5-869C-1E1CF929E7A4}
	EndGlobalSection
EndGlobal
