
Microsoft Visual Studio Solution File, Format Version 12.00
# Visual Studio Version 17
VisualStudioVersion = 17.5.33414.496
MinimumVisualStudioVersion = 10.0.40219.1
Project("{FAE04EC0-301F-11D3-BF4B-00C04F79EFBC}") = "Lab_3", "Lab_3\Lab_3.csproj", "{A1EC7AF1-0ACE-4057-8A62-6D1FF4432FDC}"
EndProject
Global
	GlobalSection(SolutionConfigurationPlatforms) = preSolution
		Debug|Any CPU = Debug|Any CPU
		Release|Any CPU = Release|Any CPU
	EndGlobalSection
	GlobalSection(ProjectConfigurationPlatforms) = postSolution
		{A1EC7AF1-0ACE-4057-8A62-6D1FF4432FDC}.Debug|Any CPU.ActiveCfg = Debug|Any CPU
		{A1EC7AF1-0ACE-4057-8A62-6D1FF4432FDC}.Debug|Any CPU.Build.0 = Debug|Any CPU
		{A1EC7AF1-0ACE-4057-8A62-6D1FF4432FDC}.Release|Any CPU.ActiveCfg = Release|Any CPU
		{A1EC7AF1-0ACE-4057-8A62-6D1FF4432FDC}.Release|Any CPU.Build.0 = Release|Any CPU
	EndGlobalSection
	GlobalSection(SolutionProperties) = preSolution
		HideSolutionNode = FALSE
	EndGlobalSection
	GlobalSection(ExtensibilityGlobals) = postSolution
		SolutionGuid = {0FF61DDD-AD54-41BD-81E9-78F629F32A70}
	EndGlobalSection
EndGlobal
