
Microsoft Visual Studio Solution File, Format Version 12.00
# Visual Studio Version 17
VisualStudioVersion = 17.5.33424.131
MinimumVisualStudioVersion = 10.0.40219.1
Project("{FAE04EC0-301F-11D3-BF4B-00C04F79EFBC}") = "bd", "bd\bd.csproj", "{F49F70DA-19FC-407F-949F-E5939A2E1A6B}"
EndProject
Global
	GlobalSection(SolutionConfigurationPlatforms) = preSolution
		Debug|Any CPU = Debug|Any CPU
		Release|Any CPU = Release|Any CPU
	EndGlobalSection
	GlobalSection(ProjectConfigurationPlatforms) = postSolution
		{F49F70DA-19FC-407F-949F-E5939A2E1A6B}.Debug|Any CPU.ActiveCfg = Debug|Any CPU
		{F49F70DA-19FC-407F-949F-E5939A2E1A6B}.Debug|Any CPU.Build.0 = Debug|Any CPU
		{F49F70DA-19FC-407F-949F-E5939A2E1A6B}.Release|Any CPU.ActiveCfg = Release|Any CPU
		{F49F70DA-19FC-407F-949F-E5939A2E1A6B}.Release|Any CPU.Build.0 = Release|Any CPU
	EndGlobalSection
	GlobalSection(SolutionProperties) = preSolution
		HideSolutionNode = FALSE
	EndGlobalSection
	GlobalSection(ExtensibilityGlobals) = postSolution
		SolutionGuid = {1FF4249B-6253-4A40-8806-2319DEA66D9E}
	EndGlobalSection
EndGlobal
