
Microsoft Visual Studio Solution File, Format Version 12.00
# Visual Studio Version 17
VisualStudioVersion = 17.5.33530.505
MinimumVisualStudioVersion = 10.0.40219.1
Project("{FAE04EC0-301F-11D3-BF4B-00C04F79EFBC}") = "Little_Game", "Little_Game\Little_Game.csproj", "{9745090A-5262-4586-9CB6-2371EB188A46}"
EndProject
Global
	GlobalSection(SolutionConfigurationPlatforms) = preSolution
		Debug|Any CPU = Debug|Any CPU
		Release|Any CPU = Release|Any CPU
	EndGlobalSection
	GlobalSection(ProjectConfigurationPlatforms) = postSolution
		{9745090A-5262-4586-9CB6-2371EB188A46}.Debug|Any CPU.ActiveCfg = Debug|Any CPU
		{9745090A-5262-4586-9CB6-2371EB188A46}.Debug|Any CPU.Build.0 = Debug|Any CPU
		{9745090A-5262-4586-9CB6-2371EB188A46}.Release|Any CPU.ActiveCfg = Release|Any CPU
		{9745090A-5262-4586-9CB6-2371EB188A46}.Release|Any CPU.Build.0 = Release|Any CPU
	EndGlobalSection
	GlobalSection(SolutionProperties) = preSolution
		HideSolutionNode = FALSE
	EndGlobalSection
	GlobalSection(ExtensibilityGlobals) = postSolution
		SolutionGuid = {75B526E5-5A9A-46FC-AF32-2F209BD3C68B}
	EndGlobalSection
EndGlobal
